
Microsoft Visual Studio Solution File, Format Version 12.00
# Visual Studio Version 16
VisualStudioVersion = 16.0.31410.357
MinimumVisualStudioVersion = 10.0.40219.1
Project("{FAE04EC0-301F-11D3-BF4B-00C04F79EFBC}") = "ProjetoMedia", "ProjetoMedia\ProjetoMedia.csproj", "{77050F76-DA58-412D-924E-58808D32CEE5}"
EndProject
Global
	GlobalSection(SolutionConfigurationPlatforms) = preSolution
		Debug|Any CPU = Debug|Any CPU
		Release|Any CPU = Release|Any CPU
	EndGlobalSection
	GlobalSection(ProjectConfigurationPlatforms) = postSolution
		{77050F76-DA58-412D-924E-58808D32CEE5}.Debug|Any CPU.ActiveCfg = Debug|Any CPU
		{77050F76-DA58-412D-924E-58808D32CEE5}.Debug|Any CPU.Build.0 = Debug|Any CPU
		{77050F76-DA58-412D-924E-58808D32CEE5}.Release|Any CPU.ActiveCfg = Release|Any CPU
		{77050F76-DA58-412D-924E-58808D32CEE5}.Release|Any CPU.Build.0 = Release|Any CPU
	EndGlobalSection
	GlobalSection(SolutionProperties) = preSolution
		HideSolutionNode = FALSE
	EndGlobalSection
	GlobalSection(ExtensibilityGlobals) = postSolution
		SolutionGuid = {A04DA22D-E8E3-42F5-8394-C7178AFC7556}
	EndGlobalSection
EndGlobal
