
Microsoft Visual Studio Solution File, Format Version 12.00
# Visual Studio Version 16
VisualStudioVersion = 16.0.31605.320
MinimumVisualStudioVersion = 10.0.40219.1
Project("{FAE04EC0-301F-11D3-BF4B-00C04F79EFBC}") = "ConexaoMySQL", "ConexaoMySQL\ConexaoMySQL.csproj", "{F14F88EA-E39B-4BF7-A1C0-47E6DD95D5D3}"
EndProject
Global
	GlobalSection(SolutionConfigurationPlatforms) = preSolution
		Debug|Any CPU = Debug|Any CPU
		Release|Any CPU = Release|Any CPU
	EndGlobalSection
	GlobalSection(ProjectConfigurationPlatforms) = postSolution
		{F14F88EA-E39B-4BF7-A1C0-47E6DD95D5D3}.Debug|Any CPU.ActiveCfg = Debug|Any CPU
		{F14F88EA-E39B-4BF7-A1C0-47E6DD95D5D3}.Debug|Any CPU.Build.0 = Debug|Any CPU
		{F14F88EA-E39B-4BF7-A1C0-47E6DD95D5D3}.Release|Any CPU.ActiveCfg = Release|Any CPU
		{F14F88EA-E39B-4BF7-A1C0-47E6DD95D5D3}.Release|Any CPU.Build.0 = Release|Any CPU
	EndGlobalSection
	GlobalSection(SolutionProperties) = preSolution
		HideSolutionNode = FALSE
	EndGlobalSection
	GlobalSection(ExtensibilityGlobals) = postSolution
		SolutionGuid = {43A9B14F-351A-4A3F-A796-2EB52063ABA7}
	EndGlobalSection
EndGlobal
