
Microsoft Visual Studio Solution File, Format Version 12.00
# Visual Studio Version 16
VisualStudioVersion = 16.0.31410.357
MinimumVisualStudioVersion = 10.0.40219.1
Project("{FAE04EC0-301F-11D3-BF4B-00C04F79EFBC}") = "ProjetoAreas", "ProjetoAreas\ProjetoAreas.csproj", "{708874FF-C97F-4E83-9A11-D266707D6894}"
EndProject
Global
	GlobalSection(SolutionConfigurationPlatforms) = preSolution
		Debug|Any CPU = Debug|Any CPU
		Release|Any CPU = Release|Any CPU
	EndGlobalSection
	GlobalSection(ProjectConfigurationPlatforms) = postSolution
		{708874FF-C97F-4E83-9A11-D266707D6894}.Debug|Any CPU.ActiveCfg = Debug|Any CPU
		{708874FF-C97F-4E83-9A11-D266707D6894}.Debug|Any CPU.Build.0 = Debug|Any CPU
		{708874FF-C97F-4E83-9A11-D266707D6894}.Release|Any CPU.ActiveCfg = Release|Any CPU
		{708874FF-C97F-4E83-9A11-D266707D6894}.Release|Any CPU.Build.0 = Release|Any CPU
	EndGlobalSection
	GlobalSection(SolutionProperties) = preSolution
		HideSolutionNode = FALSE
	EndGlobalSection
	GlobalSection(ExtensibilityGlobals) = postSolution
		SolutionGuid = {AAA812D1-8DA5-4B8B-AFB0-17EF6318DDE0}
	EndGlobalSection
EndGlobal
