
Microsoft Visual Studio Solution File, Format Version 12.00
# Visual Studio Version 16
VisualStudioVersion = 16.0.31105.61
MinimumVisualStudioVersion = 10.0.40219.1
Project("{FAE04EC0-301F-11D3-BF4B-00C04F79EFBC}") = "ProjetoEventos", "ProjetoEventos\ProjetoEventos.csproj", "{0E2B36E3-543A-4A91-B139-BAA0C471F62E}"
EndProject
Global
	GlobalSection(SolutionConfigurationPlatforms) = preSolution
		Debug|Any CPU = Debug|Any CPU
		Release|Any CPU = Release|Any CPU
	EndGlobalSection
	GlobalSection(ProjectConfigurationPlatforms) = postSolution
		{0E2B36E3-543A-4A91-B139-BAA0C471F62E}.Debug|Any CPU.ActiveCfg = Debug|Any CPU
		{0E2B36E3-543A-4A91-B139-BAA0C471F62E}.Debug|Any CPU.Build.0 = Debug|Any CPU
		{0E2B36E3-543A-4A91-B139-BAA0C471F62E}.Release|Any CPU.ActiveCfg = Release|Any CPU
		{0E2B36E3-543A-4A91-B139-BAA0C471F62E}.Release|Any CPU.Build.0 = Release|Any CPU
	EndGlobalSection
	GlobalSection(SolutionProperties) = preSolution
		HideSolutionNode = FALSE
	EndGlobalSection
	GlobalSection(ExtensibilityGlobals) = postSolution
		SolutionGuid = {78F16DE6-4450-4572-84AC-5F8B84CEE54F}
	EndGlobalSection
EndGlobal
